
Microsoft Visual Studio Solution File, Format Version 12.00
# Visual Studio Version 17
VisualStudioVersion = 17.2.32630.192
MinimumVisualStudioVersion = 10.0.40219.1
Project("{FAE04EC0-301F-11D3-BF4B-00C04F79EFBC}") = "Firewroks_Sample", "Firewroks_Sample\Firewroks_Sample.csproj", "{CCFDC807-FA8F-47CD-A1CE-FE67B50FE024}"
EndProject
Project("{FAE04EC0-301F-11D3-BF4B-00C04F79EFBC}") = "FW-mangekyou", "FW-mangekyou\FW-mangekyou.csproj", "{D4A15428-A76B-4251-88A6-052CF6B7DDED}"
EndProject
Global
	GlobalSection(SolutionConfigurationPlatforms) = preSolution
		Debug|Any CPU = Debug|Any CPU
		Release|Any CPU = Release|Any CPU
	EndGlobalSection
	GlobalSection(ProjectConfigurationPlatforms) = postSolution
		{CCFDC807-FA8F-47CD-A1CE-FE67B50FE024}.Debug|Any CPU.ActiveCfg = Debug|Any CPU
		{CCFDC807-FA8F-47CD-A1CE-FE67B50FE024}.Debug|Any CPU.Build.0 = Debug|Any CPU
		{CCFDC807-FA8F-47CD-A1CE-FE67B50FE024}.Release|Any CPU.ActiveCfg = Release|Any CPU
		{CCFDC807-FA8F-47CD-A1CE-FE67B50FE024}.Release|Any CPU.Build.0 = Release|Any CPU
		{D4A15428-A76B-4251-88A6-052CF6B7DDED}.Debug|Any CPU.ActiveCfg = Debug|Any CPU
		{D4A15428-A76B-4251-88A6-052CF6B7DDED}.Debug|Any CPU.Build.0 = Debug|Any CPU
		{D4A15428-A76B-4251-88A6-052CF6B7DDED}.Release|Any CPU.ActiveCfg = Release|Any CPU
		{D4A15428-A76B-4251-88A6-052CF6B7DDED}.Release|Any CPU.Build.0 = Release|Any CPU
	EndGlobalSection
	GlobalSection(SolutionProperties) = preSolution
		HideSolutionNode = FALSE
	EndGlobalSection
	GlobalSection(ExtensibilityGlobals) = postSolution
		SolutionGuid = {DB754B80-4C36-4E1E-B495-EEB5BF0EDAFC}
	EndGlobalSection
EndGlobal
